
Microsoft Visual Studio Solution File, Format Version 12.00
# Visual Studio Version 17
VisualStudioVersion = 17.3.32819.101
MinimumVisualStudioVersion = 10.0.40219.1
Project("{FAE04EC0-301F-11D3-BF4B-00C04F79EFBC}") = "QuanLyCuaHangThucAnNhanh", "QuanLyCuaHangThucAnNhanh\QuanLyCuaHangThucAnNhanh.csproj", "{DE29B886-AB06-480A-8574-7E0D5AD19BBB}"
EndProject
Project("{FAE04EC0-301F-11D3-BF4B-00C04F79EFBC}") = "DataAccessLayer", "DataAccessLayer\DataAccessLayer.csproj", "{0F84B442-A187-4D4B-8CFC-1AEBE33D0BC5}"
EndProject
Project("{FAE04EC0-301F-11D3-BF4B-00C04F79EFBC}") = "BussinessLogicLayerXX", "BussinessLogicLayer\BussinessLogicLayerXX.csproj", "{23F018C4-AC18-47F2-B34D-49294D5CEF77}"
EndProject
Global
	GlobalSection(SolutionConfigurationPlatforms) = preSolution
		Debug|Any CPU = Debug|Any CPU
		Release|Any CPU = Release|Any CPU
	EndGlobalSection
	GlobalSection(ProjectConfigurationPlatforms) = postSolution
		{DE29B886-AB06-480A-8574-7E0D5AD19BBB}.Debug|Any CPU.ActiveCfg = Debug|Any CPU
		{DE29B886-AB06-480A-8574-7E0D5AD19BBB}.Debug|Any CPU.Build.0 = Debug|Any CPU
		{DE29B886-AB06-480A-8574-7E0D5AD19BBB}.Release|Any CPU.ActiveCfg = Release|Any CPU
		{DE29B886-AB06-480A-8574-7E0D5AD19BBB}.Release|Any CPU.Build.0 = Release|Any CPU
		{0F84B442-A187-4D4B-8CFC-1AEBE33D0BC5}.Debug|Any CPU.ActiveCfg = Debug|Any CPU
		{0F84B442-A187-4D4B-8CFC-1AEBE33D0BC5}.Debug|Any CPU.Build.0 = Debug|Any CPU
		{0F84B442-A187-4D4B-8CFC-1AEBE33D0BC5}.Release|Any CPU.ActiveCfg = Release|Any CPU
		{0F84B442-A187-4D4B-8CFC-1AEBE33D0BC5}.Release|Any CPU.Build.0 = Release|Any CPU
		{23F018C4-AC18-47F2-B34D-49294D5CEF77}.Debug|Any CPU.ActiveCfg = Debug|Any CPU
		{23F018C4-AC18-47F2-B34D-49294D5CEF77}.Debug|Any CPU.Build.0 = Debug|Any CPU
		{23F018C4-AC18-47F2-B34D-49294D5CEF77}.Release|Any CPU.ActiveCfg = Release|Any CPU
		{23F018C4-AC18-47F2-B34D-49294D5CEF77}.Release|Any CPU.Build.0 = Release|Any CPU
	EndGlobalSection
	GlobalSection(SolutionProperties) = preSolution
		HideSolutionNode = FALSE
	EndGlobalSection
	GlobalSection(ExtensibilityGlobals) = postSolution
		SolutionGuid = {6EC437AC-434A-4EF6-A0AF-E243C4C5A6E6}
	EndGlobalSection
EndGlobal
